
Microsoft Visual Studio Solution File, Format Version 12.00
# Visual Studio 15
VisualStudioVersion = 15.0.28010.2016
MinimumVisualStudioVersion = 10.0.40219.1
Project("{FAE04EC0-301F-11D3-BF4B-00C04F79EFBC}") = "UserAuthentication", "UserAuthentication\UserAuthentication.csproj", "{9499CDBF-9907-4957-8727-0515D434B3E6}"
EndProject
Global
	GlobalSection(SolutionConfigurationPlatforms) = preSolution
		Debug|Any CPU = Debug|Any CPU
		Release|Any CPU = Release|Any CPU
	EndGlobalSection
	GlobalSection(ProjectConfigurationPlatforms) = postSolution
		{9499CDBF-9907-4957-8727-0515D434B3E6}.Debug|Any CPU.ActiveCfg = Debug|Any CPU
		{9499CDBF-9907-4957-8727-0515D434B3E6}.Debug|Any CPU.Build.0 = Debug|Any CPU
		{9499CDBF-9907-4957-8727-0515D434B3E6}.Release|Any CPU.ActiveCfg = Release|Any CPU
		{9499CDBF-9907-4957-8727-0515D434B3E6}.Release|Any CPU.Build.0 = Release|Any CPU
	EndGlobalSection
	GlobalSection(SolutionProperties) = preSolution
		HideSolutionNode = FALSE
	EndGlobalSection
	GlobalSection(ExtensibilityGlobals) = postSolution
		SolutionGuid = {DB476648-3C96-4FC7-B3F8-1FFF533FF4F0}
	EndGlobalSection
EndGlobal
