
Microsoft Visual Studio Solution File, Format Version 12.00
# Visual Studio Version 16
VisualStudioVersion = 16.0.30804.86
MinimumVisualStudioVersion = 10.0.40219.1
Project("{FAE04EC0-301F-11D3-BF4B-00C04F79EFBC}") = "RoomsManagemet", "RoomsManagemet\RoomsManagemet.csproj", "{383EDBAC-64B6-4679-B74B-D6E130444159}"
EndProject
Global
	GlobalSection(SolutionConfigurationPlatforms) = preSolution
		Debug|Any CPU = Debug|Any CPU
		Release|Any CPU = Release|Any CPU
	EndGlobalSection
	GlobalSection(ProjectConfigurationPlatforms) = postSolution
		{383EDBAC-64B6-4679-B74B-D6E130444159}.Debug|Any CPU.ActiveCfg = Debug|Any CPU
		{383EDBAC-64B6-4679-B74B-D6E130444159}.Debug|Any CPU.Build.0 = Debug|Any CPU
		{383EDBAC-64B6-4679-B74B-D6E130444159}.Release|Any CPU.ActiveCfg = Release|Any CPU
		{383EDBAC-64B6-4679-B74B-D6E130444159}.Release|Any CPU.Build.0 = Release|Any CPU
	EndGlobalSection
	GlobalSection(SolutionProperties) = preSolution
		HideSolutionNode = FALSE
	EndGlobalSection
	GlobalSection(ExtensibilityGlobals) = postSolution
		SolutionGuid = {35D173D4-B3E9-40F5-8FA4-D1D6982669FF}
	EndGlobalSection
EndGlobal
